
Microsoft Visual Studio Solution File, Format Version 12.00
Project("{FAE04EC0-301F-11D3-BF4B-00C04F79EFBC}") = "tex-lint", "tex-lint\tex-lint.csproj", "{6D90740E-7DAB-48A6-9C10-BE668CB3E973}"
EndProject
Global
	GlobalSection(SolutionConfigurationPlatforms) = preSolution
		Debug|Any CPU = Debug|Any CPU
		Release|Any CPU = Release|Any CPU
	EndGlobalSection
	GlobalSection(ProjectConfigurationPlatforms) = postSolution
		{6D90740E-7DAB-48A6-9C10-BE668CB3E973}.Debug|Any CPU.ActiveCfg = Debug|Any CPU
		{6D90740E-7DAB-48A6-9C10-BE668CB3E973}.Debug|Any CPU.Build.0 = Debug|Any CPU
		{6D90740E-7DAB-48A6-9C10-BE668CB3E973}.Release|Any CPU.ActiveCfg = Release|Any CPU
		{6D90740E-7DAB-48A6-9C10-BE668CB3E973}.Release|Any CPU.Build.0 = Release|Any CPU
	EndGlobalSection
EndGlobal
